
Microsoft Visual Studio Solution File, Format Version 12.00
# Visual Studio Version 17
VisualStudioVersion = 17.6.33723.286
MinimumVisualStudioVersion = 10.0.40219.1
Project("{8BC9CEB8-8B4A-11D0-8D11-00A0C91BC942}") = "ConsoleApplication1", "ConsoleApplication1.vcxproj", "{CFC12161-697A-4E26-9DB4-08D1F749A4E2}"
EndProject
Global
	GlobalSection(SolutionConfigurationPlatforms) = preSolution
		Debug|x64 = Debug|x64
		Debug|x86 = Debug|x86
		Release|x64 = Release|x64
		Release|x86 = Release|x86
	EndGlobalSection
	GlobalSection(ProjectConfigurationPlatforms) = postSolution
		{CFC12161-697A-4E26-9DB4-08D1F749A4E2}.Debug|x64.ActiveCfg = Debug|x64
		{CFC12161-697A-4E26-9DB4-08D1F749A4E2}.Debug|x64.Build.0 = Debug|x64
		{CFC12161-697A-4E26-9DB4-08D1F749A4E2}.Debug|x86.ActiveCfg = Debug|Win32
		{CFC12161-697A-4E26-9DB4-08D1F749A4E2}.Debug|x86.Build.0 = Debug|Win32
		{CFC12161-697A-4E26-9DB4-08D1F749A4E2}.Release|x64.ActiveCfg = Release|x64
		{CFC12161-697A-4E26-9DB4-08D1F749A4E2}.Release|x64.Build.0 = Release|x64
		{CFC12161-697A-4E26-9DB4-08D1F749A4E2}.Release|x86.ActiveCfg = Release|Win32
		{CFC12161-697A-4E26-9DB4-08D1F749A4E2}.Release|x86.Build.0 = Release|Win32
	EndGlobalSection
	GlobalSection(SolutionProperties) = preSolution
		HideSolutionNode = FALSE
	EndGlobalSection
	GlobalSection(ExtensibilityGlobals) = postSolution
		SolutionGuid = {AAA6953A-029F-40C6-B80D-13145973E650}
	EndGlobalSection
EndGlobal
